
Microsoft Visual Studio Solution File, Format Version 12.00
# Visual Studio Version 17
VisualStudioVersion = 17.11.35303.130
MinimumVisualStudioVersion = 10.0.40219.1
Project("{FAE04EC0-301F-11D3-BF4B-00C04F79EFBC}") = "YouTubeDownloader", "YouTubeDownloader\YouTubeDownloader.csproj", "{2614A9A5-DD37-40AE-8D54-06A0A68D489F}"
EndProject
Global
	GlobalSection(SolutionConfigurationPlatforms) = preSolution
		Debug|Any CPU = Debug|Any CPU
		Release|Any CPU = Release|Any CPU
	EndGlobalSection
	GlobalSection(ProjectConfigurationPlatforms) = postSolution
		{2614A9A5-DD37-40AE-8D54-06A0A68D489F}.Debug|Any CPU.ActiveCfg = Debug|Any CPU
		{2614A9A5-DD37-40AE-8D54-06A0A68D489F}.Debug|Any CPU.Build.0 = Debug|Any CPU
		{2614A9A5-DD37-40AE-8D54-06A0A68D489F}.Release|Any CPU.ActiveCfg = Release|Any CPU
		{2614A9A5-DD37-40AE-8D54-06A0A68D489F}.Release|Any CPU.Build.0 = Release|Any CPU
	EndGlobalSection
	GlobalSection(SolutionProperties) = preSolution
		HideSolutionNode = FALSE
	EndGlobalSection
	GlobalSection(ExtensibilityGlobals) = postSolution
		SolutionGuid = {307B5E1B-7263-4F63-8207-D46F86C5D9FA}
	EndGlobalSection
EndGlobal
